// !$*UTF8*$!
{
	archiveVersion = 1;
	classes = {
	};
	objectVersion = 50;
	objects = {

/* Begin PBXBuildFile section */
		4B2F7606255C2CCF00FB58CC /* ft_calloc.c in Sources */ = {isa = PBXBuildFile; fileRef = 4B2F75E6255C2CCE00FB58CC /* ft_calloc.c */; };
		4B2F7607255C2CCF00FB58CC /* ft_isalnum.c in Sources */ = {isa = PBXBuildFile; fileRef = 4B2F75E7255C2CCE00FB58CC /* ft_isalnum.c */; };
		4B2F7608255C2CCF00FB58CC /* ft_split.c in Sources */ = {isa = PBXBuildFile; fileRef = 4B2F75E8255C2CCE00FB58CC /* ft_split.c */; };
		4B2F7609255C2CCF00FB58CC /* ft_memcpy.c in Sources */ = {isa = PBXBuildFile; fileRef = 4B2F75E9255C2CCE00FB58CC /* ft_memcpy.c */; };
		4B2F760A255C2CCF00FB58CC /* ft_strjoin.c in Sources */ = {isa = PBXBuildFile; fileRef = 4B2F75EA255C2CCE00FB58CC /* ft_strjoin.c */; };
		4B2F760B255C2CCF00FB58CC /* ft_strrchr.c in Sources */ = {isa = PBXBuildFile; fileRef = 4B2F75EB255C2CCE00FB58CC /* ft_strrchr.c */; };
		4B2F760C255C2CCF00FB58CC /* ft_bzero.c in Sources */ = {isa = PBXBuildFile; fileRef = 4B2F75EC255C2CCE00FB58CC /* ft_bzero.c */; };
		4B2F760D255C2CCF00FB58CC /* ft_memmove.c in Sources */ = {isa = PBXBuildFile; fileRef = 4B2F75ED255C2CCE00FB58CC /* ft_memmove.c */; };
		4B2F760E255C2CCF00FB58CC /* ft_strncmp.c in Sources */ = {isa = PBXBuildFile; fileRef = 4B2F75EE255C2CCE00FB58CC /* ft_strncmp.c */; };
		4B2F760F255C2CCF00FB58CC /* ft_strdup.c in Sources */ = {isa = PBXBuildFile; fileRef = 4B2F75EF255C2CCE00FB58CC /* ft_strdup.c */; };
		4B2F7610255C2CCF00FB58CC /* Makefile in Sources */ = {isa = PBXBuildFile; fileRef = 4B2F75F0255C2CCE00FB58CC /* Makefile */; };
		4B2F7611255C2CCF00FB58CC /* tests.c in Sources */ = {isa = PBXBuildFile; fileRef = 4B2F75F1255C2CCE00FB58CC /* tests.c */; };
		4B2F7612255C2CCF00FB58CC /* ft_tolower.c in Sources */ = {isa = PBXBuildFile; fileRef = 4B2F75F2255C2CCE00FB58CC /* ft_tolower.c */; };
		4B2F7613255C2CCF00FB58CC /* ft_isalpha.c in Sources */ = {isa = PBXBuildFile; fileRef = 4B2F75F4255C2CCE00FB58CC /* ft_isalpha.c */; };
		4B2F7614255C2CCF00FB58CC /* ft_isdigit.c in Sources */ = {isa = PBXBuildFile; fileRef = 4B2F75F5255C2CCE00FB58CC /* ft_isdigit.c */; };
		4B2F7615255C2CCF00FB58CC /* ft_isprint.c in Sources */ = {isa = PBXBuildFile; fileRef = 4B2F75F6255C2CCE00FB58CC /* ft_isprint.c */; };
		4B2F7616255C2CCF00FB58CC /* ft_substr.c in Sources */ = {isa = PBXBuildFile; fileRef = 4B2F75F7255C2CCE00FB58CC /* ft_substr.c */; };
		4B2F7617255C2CCF00FB58CC /* ft_atoi.c in Sources */ = {isa = PBXBuildFile; fileRef = 4B2F75F8255C2CCE00FB58CC /* ft_atoi.c */; };
		4B2F7618255C2CCF00FB58CC /* ft_memcmp.c in Sources */ = {isa = PBXBuildFile; fileRef = 4B2F75F9255C2CCE00FB58CC /* ft_memcmp.c */; };
		4B2F7619255C2CCF00FB58CC /* ft_strlen.c in Sources */ = {isa = PBXBuildFile; fileRef = 4B2F75FA255C2CCE00FB58CC /* ft_strlen.c */; };
		4B2F761A255C2CCF00FB58CC /* ft_toupper.c in Sources */ = {isa = PBXBuildFile; fileRef = 4B2F75FB255C2CCE00FB58CC /* ft_toupper.c */; };
		4B2F761B255C2CCF00FB58CC /* ft_isspace.c in Sources */ = {isa = PBXBuildFile; fileRef = 4B2F75FC255C2CCE00FB58CC /* ft_isspace.c */; };
		4B2F761C255C2CCF00FB58CC /* ft_strlcpy.c in Sources */ = {isa = PBXBuildFile; fileRef = 4B2F75FD255C2CCE00FB58CC /* ft_strlcpy.c */; };
		4B2F761D255C2CCF00FB58CC /* ft_memccpy.c in Sources */ = {isa = PBXBuildFile; fileRef = 4B2F75FE255C2CCE00FB58CC /* ft_memccpy.c */; };
		4B2F761E255C2CCF00FB58CC /* ft_memset.c in Sources */ = {isa = PBXBuildFile; fileRef = 4B2F75FF255C2CCE00FB58CC /* ft_memset.c */; };
		4B2F761F255C2CCF00FB58CC /* ft_strnstr.c in Sources */ = {isa = PBXBuildFile; fileRef = 4B2F7600255C2CCE00FB58CC /* ft_strnstr.c */; };
		4B2F7620255C2CCF00FB58CC /* ft_isascii.c in Sources */ = {isa = PBXBuildFile; fileRef = 4B2F7601255C2CCE00FB58CC /* ft_isascii.c */; };
		4B2F7621255C2CCF00FB58CC /* ft_strchr.c in Sources */ = {isa = PBXBuildFile; fileRef = 4B2F7602255C2CCF00FB58CC /* ft_strchr.c */; };
		4B2F7622255C2CCF00FB58CC /* ft_strlcat.c in Sources */ = {isa = PBXBuildFile; fileRef = 4B2F7603255C2CCF00FB58CC /* ft_strlcat.c */; };
		4B2F7623255C2CCF00FB58CC /* ft_memchr.c in Sources */ = {isa = PBXBuildFile; fileRef = 4B2F7604255C2CCF00FB58CC /* ft_memchr.c */; };
		4B2F7624255C2CCF00FB58CC /* ft_strtrim.c in Sources */ = {isa = PBXBuildFile; fileRef = 4B2F7605255C2CCF00FB58CC /* ft_strtrim.c */; };
/* End PBXBuildFile section */

/* Begin PBXCopyFilesBuildPhase section */
		4B2F75DA255C2BC100FB58CC /* CopyFiles */ = {
			isa = PBXCopyFilesBuildPhase;
			buildActionMask = 2147483647;
			dstPath = /usr/share/man/man1/;
			dstSubfolderSpec = 0;
			files = (
			);
			runOnlyForDeploymentPostprocessing = 1;
		};
/* End PBXCopyFilesBuildPhase section */

/* Begin PBXFileReference section */
		4B2F75DC255C2BC100FB58CC /* libft */ = {isa = PBXFileReference; explicitFileType = "compiled.mach-o.executable"; includeInIndex = 0; path = libft; sourceTree = BUILT_PRODUCTS_DIR; };
		4B2F75E6255C2CCE00FB58CC /* ft_calloc.c */ = {isa = PBXFileReference; fileEncoding = 4; lastKnownFileType = sourcecode.c.c; name = ft_calloc.c; path = ../../ft_calloc.c; sourceTree = "<group>"; };
		4B2F75E7255C2CCE00FB58CC /* ft_isalnum.c */ = {isa = PBXFileReference; fileEncoding = 4; lastKnownFileType = sourcecode.c.c; name = ft_isalnum.c; path = ../../ft_isalnum.c; sourceTree = "<group>"; };
		4B2F75E8255C2CCE00FB58CC /* ft_split.c */ = {isa = PBXFileReference; fileEncoding = 4; lastKnownFileType = sourcecode.c.c; name = ft_split.c; path = ../../ft_split.c; sourceTree = "<group>"; };
		4B2F75E9255C2CCE00FB58CC /* ft_memcpy.c */ = {isa = PBXFileReference; fileEncoding = 4; lastKnownFileType = sourcecode.c.c; name = ft_memcpy.c; path = ../../ft_memcpy.c; sourceTree = "<group>"; };
		4B2F75EA255C2CCE00FB58CC /* ft_strjoin.c */ = {isa = PBXFileReference; fileEncoding = 4; lastKnownFileType = sourcecode.c.c; name = ft_strjoin.c; path = ../../ft_strjoin.c; sourceTree = "<group>"; };
		4B2F75EB255C2CCE00FB58CC /* ft_strrchr.c */ = {isa = PBXFileReference; fileEncoding = 4; lastKnownFileType = sourcecode.c.c; name = ft_strrchr.c; path = ../../ft_strrchr.c; sourceTree = "<group>"; };
		4B2F75EC255C2CCE00FB58CC /* ft_bzero.c */ = {isa = PBXFileReference; fileEncoding = 4; lastKnownFileType = sourcecode.c.c; name = ft_bzero.c; path = ../../ft_bzero.c; sourceTree = "<group>"; };
		4B2F75ED255C2CCE00FB58CC /* ft_memmove.c */ = {isa = PBXFileReference; fileEncoding = 4; lastKnownFileType = sourcecode.c.c; name = ft_memmove.c; path = ../../ft_memmove.c; sourceTree = "<group>"; };
		4B2F75EE255C2CCE00FB58CC /* ft_strncmp.c */ = {isa = PBXFileReference; fileEncoding = 4; lastKnownFileType = sourcecode.c.c; name = ft_strncmp.c; path = ../../ft_strncmp.c; sourceTree = "<group>"; };
		4B2F75EF255C2CCE00FB58CC /* ft_strdup.c */ = {isa = PBXFileReference; fileEncoding = 4; lastKnownFileType = sourcecode.c.c; name = ft_strdup.c; path = ../../ft_strdup.c; sourceTree = "<group>"; };
		4B2F75F0255C2CCE00FB58CC /* Makefile */ = {isa = PBXFileReference; fileEncoding = 4; lastKnownFileType = sourcecode.make; name = Makefile; path = ../../Makefile; sourceTree = "<group>"; };
		4B2F75F1255C2CCE00FB58CC /* tests.c */ = {isa = PBXFileReference; fileEncoding = 4; lastKnownFileType = sourcecode.c.c; name = tests.c; path = ../../tests.c; sourceTree = "<group>"; };
		4B2F75F2255C2CCE00FB58CC /* ft_tolower.c */ = {isa = PBXFileReference; fileEncoding = 4; lastKnownFileType = sourcecode.c.c; name = ft_tolower.c; path = ../../ft_tolower.c; sourceTree = "<group>"; };
		4B2F75F3255C2CCE00FB58CC /* libft.h */ = {isa = PBXFileReference; fileEncoding = 4; lastKnownFileType = sourcecode.c.h; name = libft.h; path = ../../libft.h; sourceTree = "<group>"; };
		4B2F75F4255C2CCE00FB58CC /* ft_isalpha.c */ = {isa = PBXFileReference; fileEncoding = 4; lastKnownFileType = sourcecode.c.c; name = ft_isalpha.c; path = ../../ft_isalpha.c; sourceTree = "<group>"; };
		4B2F75F5255C2CCE00FB58CC /* ft_isdigit.c */ = {isa = PBXFileReference; fileEncoding = 4; lastKnownFileType = sourcecode.c.c; name = ft_isdigit.c; path = ../../ft_isdigit.c; sourceTree = "<group>"; };
		4B2F75F6255C2CCE00FB58CC /* ft_isprint.c */ = {isa = PBXFileReference; fileEncoding = 4; lastKnownFileType = sourcecode.c.c; name = ft_isprint.c; path = ../../ft_isprint.c; sourceTree = "<group>"; };
		4B2F75F7255C2CCE00FB58CC /* ft_substr.c */ = {isa = PBXFileReference; fileEncoding = 4; lastKnownFileType = sourcecode.c.c; name = ft_substr.c; path = ../../ft_substr.c; sourceTree = "<group>"; };
		4B2F75F8255C2CCE00FB58CC /* ft_atoi.c */ = {isa = PBXFileReference; fileEncoding = 4; lastKnownFileType = sourcecode.c.c; name = ft_atoi.c; path = ../../ft_atoi.c; sourceTree = "<group>"; };
		4B2F75F9255C2CCE00FB58CC /* ft_memcmp.c */ = {isa = PBXFileReference; fileEncoding = 4; lastKnownFileType = sourcecode.c.c; name = ft_memcmp.c; path = ../../ft_memcmp.c; sourceTree = "<group>"; };
		4B2F75FA255C2CCE00FB58CC /* ft_strlen.c */ = {isa = PBXFileReference; fileEncoding = 4; lastKnownFileType = sourcecode.c.c; name = ft_strlen.c; path = ../../ft_strlen.c; sourceTree = "<group>"; };
		4B2F75FB255C2CCE00FB58CC /* ft_toupper.c */ = {isa = PBXFileReference; fileEncoding = 4; lastKnownFileType = sourcecode.c.c; name = ft_toupper.c; path = ../../ft_toupper.c; sourceTree = "<group>"; };
		4B2F75FC255C2CCE00FB58CC /* ft_isspace.c */ = {isa = PBXFileReference; fileEncoding = 4; lastKnownFileType = sourcecode.c.c; name = ft_isspace.c; path = ../../ft_isspace.c; sourceTree = "<group>"; };
		4B2F75FD255C2CCE00FB58CC /* ft_strlcpy.c */ = {isa = PBXFileReference; fileEncoding = 4; lastKnownFileType = sourcecode.c.c; name = ft_strlcpy.c; path = ../../ft_strlcpy.c; sourceTree = "<group>"; };
		4B2F75FE255C2CCE00FB58CC /* ft_memccpy.c */ = {isa = PBXFileReference; fileEncoding = 4; lastKnownFileType = sourcecode.c.c; name = ft_memccpy.c; path = ../../ft_memccpy.c; sourceTree = "<group>"; };
		4B2F75FF255C2CCE00FB58CC /* ft_memset.c */ = {isa = PBXFileReference; fileEncoding = 4; lastKnownFileType = sourcecode.c.c; name = ft_memset.c; path = ../../ft_memset.c; sourceTree = "<group>"; };
		4B2F7600255C2CCE00FB58CC /* ft_strnstr.c */ = {isa = PBXFileReference; fileEncoding = 4; lastKnownFileType = sourcecode.c.c; name = ft_strnstr.c; path = ../../ft_strnstr.c; sourceTree = "<group>"; };
		4B2F7601255C2CCE00FB58CC /* ft_isascii.c */ = {isa = PBXFileReference; fileEncoding = 4; lastKnownFileType = sourcecode.c.c; name = ft_isascii.c; path = ../../ft_isascii.c; sourceTree = "<group>"; };
		4B2F7602255C2CCF00FB58CC /* ft_strchr.c */ = {isa = PBXFileReference; fileEncoding = 4; lastKnownFileType = sourcecode.c.c; name = ft_strchr.c; path = ../../ft_strchr.c; sourceTree = "<group>"; };
		4B2F7603255C2CCF00FB58CC /* ft_strlcat.c */ = {isa = PBXFileReference; fileEncoding = 4; lastKnownFileType = sourcecode.c.c; name = ft_strlcat.c; path = ../../ft_strlcat.c; sourceTree = "<group>"; };
		4B2F7604255C2CCF00FB58CC /* ft_memchr.c */ = {isa = PBXFileReference; fileEncoding = 4; lastKnownFileType = sourcecode.c.c; name = ft_memchr.c; path = ../../ft_memchr.c; sourceTree = "<group>"; };
		4B2F7605255C2CCF00FB58CC /* ft_strtrim.c */ = {isa = PBXFileReference; fileEncoding = 4; lastKnownFileType = sourcecode.c.c; name = ft_strtrim.c; path = ../../ft_strtrim.c; sourceTree = "<group>"; };
/* End PBXFileReference section */

/* Begin PBXFrameworksBuildPhase section */
		4B2F75D9255C2BC100FB58CC /* Frameworks */ = {
			isa = PBXFrameworksBuildPhase;
			buildActionMask = 2147483647;
			files = (
			);
			runOnlyForDeploymentPostprocessing = 0;
		};
/* End PBXFrameworksBuildPhase section */

/* Begin PBXGroup section */
		4B2F75D3255C2BC100FB58CC = {
			isa = PBXGroup;
			children = (
				4B2F75DE255C2BC100FB58CC /* libft */,
				4B2F75DD255C2BC100FB58CC /* Products */,
			);
			sourceTree = "<group>";
		};
		4B2F75DD255C2BC100FB58CC /* Products */ = {
			isa = PBXGroup;
			children = (
				4B2F75DC255C2BC100FB58CC /* libft */,
			);
			name = Products;
			sourceTree = "<group>";
		};
		4B2F75DE255C2BC100FB58CC /* libft */ = {
			isa = PBXGroup;
			children = (
				4B2F75F8255C2CCE00FB58CC /* ft_atoi.c */,
				4B2F75EC255C2CCE00FB58CC /* ft_bzero.c */,
				4B2F75E6255C2CCE00FB58CC /* ft_calloc.c */,
				4B2F75E7255C2CCE00FB58CC /* ft_isalnum.c */,
				4B2F75F4255C2CCE00FB58CC /* ft_isalpha.c */,
				4B2F7601255C2CCE00FB58CC /* ft_isascii.c */,
				4B2F75F5255C2CCE00FB58CC /* ft_isdigit.c */,
				4B2F75F6255C2CCE00FB58CC /* ft_isprint.c */,
				4B2F75FC255C2CCE00FB58CC /* ft_isspace.c */,
				4B2F75FE255C2CCE00FB58CC /* ft_memccpy.c */,
				4B2F7604255C2CCF00FB58CC /* ft_memchr.c */,
				4B2F75F9255C2CCE00FB58CC /* ft_memcmp.c */,
				4B2F75E9255C2CCE00FB58CC /* ft_memcpy.c */,
				4B2F75ED255C2CCE00FB58CC /* ft_memmove.c */,
				4B2F75FF255C2CCE00FB58CC /* ft_memset.c */,
				4B2F75E8255C2CCE00FB58CC /* ft_split.c */,
				4B2F7602255C2CCF00FB58CC /* ft_strchr.c */,
				4B2F75EF255C2CCE00FB58CC /* ft_strdup.c */,
				4B2F75EA255C2CCE00FB58CC /* ft_strjoin.c */,
				4B2F7603255C2CCF00FB58CC /* ft_strlcat.c */,
				4B2F75FD255C2CCE00FB58CC /* ft_strlcpy.c */,
				4B2F75FA255C2CCE00FB58CC /* ft_strlen.c */,
				4B2F75EE255C2CCE00FB58CC /* ft_strncmp.c */,
				4B2F7600255C2CCE00FB58CC /* ft_strnstr.c */,
				4B2F75EB255C2CCE00FB58CC /* ft_strrchr.c */,
				4B2F7605255C2CCF00FB58CC /* ft_strtrim.c */,
				4B2F75F7255C2CCE00FB58CC /* ft_substr.c */,
				4B2F75F2255C2CCE00FB58CC /* ft_tolower.c */,
				4B2F75FB255C2CCE00FB58CC /* ft_toupper.c */,
				4B2F75F3255C2CCE00FB58CC /* libft.h */,
				4B2F75F0255C2CCE00FB58CC /* Makefile */,
				4B2F75F1255C2CCE00FB58CC /* tests.c */,
			);
			path = libft;
			sourceTree = "<group>";
		};
/* End PBXGroup section */

/* Begin PBXNativeTarget section */
		4B2F75DB255C2BC100FB58CC /* libft */ = {
			isa = PBXNativeTarget;
			buildConfigurationList = 4B2F75E3255C2BC100FB58CC /* Build configuration list for PBXNativeTarget "libft" */;
			buildPhases = (
				4B2F75D8255C2BC100FB58CC /* Sources */,
				4B2F75D9255C2BC100FB58CC /* Frameworks */,
				4B2F75DA255C2BC100FB58CC /* CopyFiles */,
			);
			buildRules = (
			);
			dependencies = (
			);
			name = libft;
			productName = libft;
			productReference = 4B2F75DC255C2BC100FB58CC /* libft */;
			productType = "com.apple.product-type.tool";
		};
/* End PBXNativeTarget section */

/* Begin PBXProject section */
		4B2F75D4255C2BC100FB58CC /* Project object */ = {
			isa = PBXProject;
			attributes = {
				LastUpgradeCheck = 1130;
				ORGANIZATIONNAME = "Сергей Мирошниченко";
				TargetAttributes = {
					4B2F75DB255C2BC100FB58CC = {
						CreatedOnToolsVersion = 11.3.1;
					};
				};
			};
			buildConfigurationList = 4B2F75D7255C2BC100FB58CC /* Build configuration list for PBXProject "libft" */;
			compatibilityVersion = "Xcode 9.3";
			developmentRegion = en;
			hasScannedForEncodings = 0;
			knownRegions = (
				en,
				Base,
			);
			mainGroup = 4B2F75D3255C2BC100FB58CC;
			productRefGroup = 4B2F75DD255C2BC100FB58CC /* Products */;
			projectDirPath = "";
			projectRoot = "";
			targets = (
				4B2F75DB255C2BC100FB58CC /* libft */,
			);
		};
/* End PBXProject section */

/* Begin PBXSourcesBuildPhase section */
		4B2F75D8255C2BC100FB58CC /* Sources */ = {
			isa = PBXSourcesBuildPhase;
			buildActionMask = 2147483647;
			files = (
				4B2F7608255C2CCF00FB58CC /* ft_split.c in Sources */,
				4B2F761A255C2CCF00FB58CC /* ft_toupper.c in Sources */,
				4B2F760F255C2CCF00FB58CC /* ft_strdup.c in Sources */,
				4B2F760A255C2CCF00FB58CC /* ft_strjoin.c in Sources */,
				4B2F7617255C2CCF00FB58CC /* ft_atoi.c in Sources */,
				4B2F7614255C2CCF00FB58CC /* ft_isdigit.c in Sources */,
				4B2F7607255C2CCF00FB58CC /* ft_isalnum.c in Sources */,
				4B2F7612255C2CCF00FB58CC /* ft_tolower.c in Sources */,
				4B2F7619255C2CCF00FB58CC /* ft_strlen.c in Sources */,
				4B2F7609255C2CCF00FB58CC /* ft_memcpy.c in Sources */,
				4B2F7615255C2CCF00FB58CC /* ft_isprint.c in Sources */,
				4B2F7624255C2CCF00FB58CC /* ft_strtrim.c in Sources */,
				4B2F7621255C2CCF00FB58CC /* ft_strchr.c in Sources */,
				4B2F760B255C2CCF00FB58CC /* ft_strrchr.c in Sources */,
				4B2F7610255C2CCF00FB58CC /* Makefile in Sources */,
				4B2F761B255C2CCF00FB58CC /* ft_isspace.c in Sources */,
				4B2F7611255C2CCF00FB58CC /* tests.c in Sources */,
				4B2F7623255C2CCF00FB58CC /* ft_memchr.c in Sources */,
				4B2F761C255C2CCF00FB58CC /* ft_strlcpy.c in Sources */,
				4B2F7618255C2CCF00FB58CC /* ft_memcmp.c in Sources */,
				4B2F760D255C2CCF00FB58CC /* ft_memmove.c in Sources */,
				4B2F760C255C2CCF00FB58CC /* ft_bzero.c in Sources */,
				4B2F7606255C2CCF00FB58CC /* ft_calloc.c in Sources */,
				4B2F760E255C2CCF00FB58CC /* ft_strncmp.c in Sources */,
				4B2F761E255C2CCF00FB58CC /* ft_memset.c in Sources */,
				4B2F761F255C2CCF00FB58CC /* ft_strnstr.c in Sources */,
				4B2F7616255C2CCF00FB58CC /* ft_substr.c in Sources */,
				4B2F7613255C2CCF00FB58CC /* ft_isalpha.c in Sources */,
				4B2F761D255C2CCF00FB58CC /* ft_memccpy.c in Sources */,
				4B2F7620255C2CCF00FB58CC /* ft_isascii.c in Sources */,
				4B2F7622255C2CCF00FB58CC /* ft_strlcat.c in Sources */,
			);
			runOnlyForDeploymentPostprocessing = 0;
		};
/* End PBXSourcesBuildPhase section */

/* Begin XCBuildConfiguration section */
		4B2F75E1255C2BC100FB58CC /* Debug */ = {
			isa = XCBuildConfiguration;
			buildSettings = {
				ALWAYS_SEARCH_USER_PATHS = NO;
				CLANG_ANALYZER_NONNULL = YES;
				CLANG_ANALYZER_NUMBER_OBJECT_CONVERSION = YES_AGGRESSIVE;
				CLANG_CXX_LANGUAGE_STANDARD = "gnu++14";
				CLANG_CXX_LIBRARY = "libc++";
				CLANG_ENABLE_MODULES = YES;
				CLANG_ENABLE_OBJC_ARC = YES;
				CLANG_ENABLE_OBJC_WEAK = YES;
				CLANG_WARN_BLOCK_CAPTURE_AUTORELEASING = YES;
				CLANG_WARN_BOOL_CONVERSION = YES;
				CLANG_WARN_COMMA = YES;
				CLANG_WARN_CONSTANT_CONVERSION = YES;
				CLANG_WARN_DEPRECATED_OBJC_IMPLEMENTATIONS = YES;
				CLANG_WARN_DIRECT_OBJC_ISA_USAGE = YES_ERROR;
				CLANG_WARN_DOCUMENTATION_COMMENTS = YES;
				CLANG_WARN_EMPTY_BODY = YES;
				CLANG_WARN_ENUM_CONVERSION = YES;
				CLANG_WARN_INFINITE_RECURSION = YES;
				CLANG_WARN_INT_CONVERSION = YES;
				CLANG_WARN_NON_LITERAL_NULL_CONVERSION = YES;
				CLANG_WARN_OBJC_IMPLICIT_RETAIN_SELF = YES;
				CLANG_WARN_OBJC_LITERAL_CONVERSION = YES;
				CLANG_WARN_OBJC_ROOT_CLASS = YES_ERROR;
				CLANG_WARN_RANGE_LOOP_ANALYSIS = YES;
				CLANG_WARN_STRICT_PROTOTYPES = YES;
				CLANG_WARN_SUSPICIOUS_MOVE = YES;
				CLANG_WARN_UNGUARDED_AVAILABILITY = YES_AGGRESSIVE;
				CLANG_WARN_UNREACHABLE_CODE = YES;
				CLANG_WARN__DUPLICATE_METHOD_MATCH = YES;
				COPY_PHASE_STRIP = NO;
				DEBUG_INFORMATION_FORMAT = dwarf;
				ENABLE_STRICT_OBJC_MSGSEND = YES;
				ENABLE_TESTABILITY = YES;
				GCC_C_LANGUAGE_STANDARD = gnu11;
				GCC_DYNAMIC_NO_PIC = NO;
				GCC_NO_COMMON_BLOCKS = YES;
				GCC_OPTIMIZATION_LEVEL = 0;
				GCC_PREPROCESSOR_DEFINITIONS = (
					"DEBUG=1",
					"$(inherited)",
				);
				GCC_WARN_64_TO_32_BIT_CONVERSION = YES;
				GCC_WARN_ABOUT_RETURN_TYPE = YES_ERROR;
				GCC_WARN_UNDECLARED_SELECTOR = YES;
				GCC_WARN_UNINITIALIZED_AUTOS = YES_AGGRESSIVE;
				GCC_WARN_UNUSED_FUNCTION = YES;
				GCC_WARN_UNUSED_VARIABLE = YES;
				MACOSX_DEPLOYMENT_TARGET = 10.14;
				MTL_ENABLE_DEBUG_INFO = INCLUDE_SOURCE;
				MTL_FAST_MATH = YES;
				ONLY_ACTIVE_ARCH = YES;
				SDKROOT = macosx;
			};
			name = Debug;
		};
		4B2F75E2255C2BC100FB58CC /* Release */ = {
			isa = XCBuildConfiguration;
			buildSettings = {
				ALWAYS_SEARCH_USER_PATHS = NO;
				CLANG_ANALYZER_NONNULL = YES;
				CLANG_ANALYZER_NUMBER_OBJECT_CONVERSION = YES_AGGRESSIVE;
				CLANG_CXX_LANGUAGE_STANDARD = "gnu++14";
				CLANG_CXX_LIBRARY = "libc++";
				CLANG_ENABLE_MODULES = YES;
				CLANG_ENABLE_OBJC_ARC = YES;
				CLANG_ENABLE_OBJC_WEAK = YES;
				CLANG_WARN_BLOCK_CAPTURE_AUTORELEASING = YES;
				CLANG_WARN_BOOL_CONVERSION = YES;
				CLANG_WARN_COMMA = YES;
				CLANG_WARN_CONSTANT_CONVERSION = YES;
				CLANG_WARN_DEPRECATED_OBJC_IMPLEMENTATIONS = YES;
				CLANG_WARN_DIRECT_OBJC_ISA_USAGE = YES_ERROR;
				CLANG_WARN_DOCUMENTATION_COMMENTS = YES;
				CLANG_WARN_EMPTY_BODY = YES;
				CLANG_WARN_ENUM_CONVERSION = YES;
				CLANG_WARN_INFINITE_RECURSION = YES;
				CLANG_WARN_INT_CONVERSION = YES;
				CLANG_WARN_NON_LITERAL_NULL_CONVERSION = YES;
				CLANG_WARN_OBJC_IMPLICIT_RETAIN_SELF = YES;
				CLANG_WARN_OBJC_LITERAL_CONVERSION = YES;
				CLANG_WARN_OBJC_ROOT_CLASS = YES_ERROR;
				CLANG_WARN_RANGE_LOOP_ANALYSIS = YES;
				CLANG_WARN_STRICT_PROTOTYPES = YES;
				CLANG_WARN_SUSPICIOUS_MOVE = YES;
				CLANG_WARN_UNGUARDED_AVAILABILITY = YES_AGGRESSIVE;
				CLANG_WARN_UNREACHABLE_CODE = YES;
				CLANG_WARN__DUPLICATE_METHOD_MATCH = YES;
				COPY_PHASE_STRIP = NO;
				DEBUG_INFORMATION_FORMAT = "dwarf-with-dsym";
				ENABLE_NS_ASSERTIONS = NO;
				ENABLE_STRICT_OBJC_MSGSEND = YES;
				GCC_C_LANGUAGE_STANDARD = gnu11;
				GCC_NO_COMMON_BLOCKS = YES;
				GCC_WARN_64_TO_32_BIT_CONVERSION = YES;
				GCC_WARN_ABOUT_RETURN_TYPE = YES_ERROR;
				GCC_WARN_UNDECLARED_SELECTOR = YES;
				GCC_WARN_UNINITIALIZED_AUTOS = YES_AGGRESSIVE;
				GCC_WARN_UNUSED_FUNCTION = YES;
				GCC_WARN_UNUSED_VARIABLE = YES;
				MACOSX_DEPLOYMENT_TARGET = 10.14;
				MTL_ENABLE_DEBUG_INFO = NO;
				MTL_FAST_MATH = YES;
				SDKROOT = macosx;
			};
			name = Release;
		};
		4B2F75E4255C2BC100FB58CC /* Debug */ = {
			isa = XCBuildConfiguration;
			buildSettings = {
				CODE_SIGN_STYLE = Automatic;
				PRODUCT_NAME = "$(TARGET_NAME)";
			};
			name = Debug;
		};
		4B2F75E5255C2BC100FB58CC /* Release */ = {
			isa = XCBuildConfiguration;
			buildSettings = {
				CODE_SIGN_STYLE = Automatic;
				PRODUCT_NAME = "$(TARGET_NAME)";
			};
			name = Release;
		};
/* End XCBuildConfiguration section */

/* Begin XCConfigurationList section */
		4B2F75D7255C2BC100FB58CC /* Build configuration list for PBXProject "libft" */ = {
			isa = XCConfigurationList;
			buildConfigurations = (
				4B2F75E1255C2BC100FB58CC /* Debug */,
				4B2F75E2255C2BC100FB58CC /* Release */,
			);
			defaultConfigurationIsVisible = 0;
			defaultConfigurationName = Release;
		};
		4B2F75E3255C2BC100FB58CC /* Build configuration list for PBXNativeTarget "libft" */ = {
			isa = XCConfigurationList;
			buildConfigurations = (
				4B2F75E4255C2BC100FB58CC /* Debug */,
				4B2F75E5255C2BC100FB58CC /* Release */,
			);
			defaultConfigurationIsVisible = 0;
			defaultConfigurationName = Release;
		};
/* End XCConfigurationList section */
	};
	rootObject = 4B2F75D4255C2BC100FB58CC /* Project object */;
}
